
Microsoft Visual Studio Solution File, Format Version 12.00
# Visual Studio 15
VisualStudioVersion = 15.0.28010.2036
MinimumVisualStudioVersion = 10.0.40219.1
Project("{9A19103F-16F7-4668-BE54-9A1E7A4F7556}") = "API_Contratos.Server", "API_Contratos.Server\API_Contratos.Server.csproj", "{DC308FA2-0512-4484-B210-4C493FEDA23A}"
EndProject
Global
	GlobalSection(SolutionConfigurationPlatforms) = preSolution
		Debug|Any CPU = Debug|Any CPU
		Release|Any CPU = Release|Any CPU
	EndGlobalSection
	GlobalSection(ProjectConfigurationPlatforms) = postSolution
		{DC308FA2-0512-4484-B210-4C493FEDA23A}.Debug|Any CPU.ActiveCfg = Debug|Any CPU
		{DC308FA2-0512-4484-B210-4C493FEDA23A}.Debug|Any CPU.Build.0 = Debug|Any CPU
		{DC308FA2-0512-4484-B210-4C493FEDA23A}.Release|Any CPU.ActiveCfg = Release|Any CPU
		{DC308FA2-0512-4484-B210-4C493FEDA23A}.Release|Any CPU.Build.0 = Release|Any CPU
	EndGlobalSection
	GlobalSection(SolutionProperties) = preSolution
		HideSolutionNode = FALSE
	EndGlobalSection
	GlobalSection(ExtensibilityGlobals) = postSolution
		SolutionGuid = {56B69660-C01D-4C54-9CD6-017F6880286A}
	EndGlobalSection
EndGlobal
